
Microsoft Visual Studio Solution File, Format Version 12.00
# Visual Studio 15
VisualStudioVersion = 15.0.28307.645
MinimumVisualStudioVersion = 10.0.40219.1
Project("{FAE04EC0-301F-11D3-BF4B-00C04F79EFBC}") = "SBMSystem", "SBMSystem\SBMSystem.csproj", "{AD25CC18-5489-4FC0-98D4-0698F8CEE675}"
EndProject
Project("{FAE04EC0-301F-11D3-BF4B-00C04F79EFBC}") = "SBMSystem.Models", "SBMSystem.Models\SBMSystem.Models.csproj", "{AE3BC139-D0DE-47F9-B9BB-31A87B6ACC15}"
EndProject
Project("{FAE04EC0-301F-11D3-BF4B-00C04F79EFBC}") = "SBMSystem.BLL", "SBMSystem.BLL\SBMSystem.BLL.csproj", "{4E7D989C-82DD-4C19-AD6D-1D7C6254DDFC}"
EndProject
Global
	GlobalSection(SolutionConfigurationPlatforms) = preSolution
		Debug|Any CPU = Debug|Any CPU
		Release|Any CPU = Release|Any CPU
	EndGlobalSection
	GlobalSection(ProjectConfigurationPlatforms) = postSolution
		{AD25CC18-5489-4FC0-98D4-0698F8CEE675}.Debug|Any CPU.ActiveCfg = Debug|Any CPU
		{AD25CC18-5489-4FC0-98D4-0698F8CEE675}.Debug|Any CPU.Build.0 = Debug|Any CPU
		{AD25CC18-5489-4FC0-98D4-0698F8CEE675}.Release|Any CPU.ActiveCfg = Release|Any CPU
		{AD25CC18-5489-4FC0-98D4-0698F8CEE675}.Release|Any CPU.Build.0 = Release|Any CPU
		{AE3BC139-D0DE-47F9-B9BB-31A87B6ACC15}.Debug|Any CPU.ActiveCfg = Debug|Any CPU
		{AE3BC139-D0DE-47F9-B9BB-31A87B6ACC15}.Debug|Any CPU.Build.0 = Debug|Any CPU
		{AE3BC139-D0DE-47F9-B9BB-31A87B6ACC15}.Release|Any CPU.ActiveCfg = Release|Any CPU
		{AE3BC139-D0DE-47F9-B9BB-31A87B6ACC15}.Release|Any CPU.Build.0 = Release|Any CPU
		{4E7D989C-82DD-4C19-AD6D-1D7C6254DDFC}.Debug|Any CPU.ActiveCfg = Debug|Any CPU
		{4E7D989C-82DD-4C19-AD6D-1D7C6254DDFC}.Debug|Any CPU.Build.0 = Debug|Any CPU
		{4E7D989C-82DD-4C19-AD6D-1D7C6254DDFC}.Release|Any CPU.ActiveCfg = Release|Any CPU
		{4E7D989C-82DD-4C19-AD6D-1D7C6254DDFC}.Release|Any CPU.Build.0 = Release|Any CPU
	EndGlobalSection
	GlobalSection(SolutionProperties) = preSolution
		HideSolutionNode = FALSE
	EndGlobalSection
	GlobalSection(ExtensibilityGlobals) = postSolution
		SolutionGuid = {6DCC2E7C-508F-42F9-A49A-4E0FEF167DC1}
	EndGlobalSection
EndGlobal
