
Microsoft Visual Studio Solution File, Format Version 12.00
# Visual Studio 15
VisualStudioVersion = 15.0.28307.645
MinimumVisualStudioVersion = 10.0.40219.1
Project("{FAE04EC0-301F-11D3-BF4B-00C04F79EFBC}") = "ClassLibApp", "ClassLibApp\ClassLibApp.csproj", "{E7CBCB51-0AC0-4C94-BE52-10BD9635AD15}"
EndProject
Project("{FAE04EC0-301F-11D3-BF4B-00C04F79EFBC}") = "ClassLibApp.Models", "ClassLibApp.Models\ClassLibApp.Models.csproj", "{1EA65298-2F6D-4AF6-A817-66EE15CDCBFA}"
EndProject
Project("{FAE04EC0-301F-11D3-BF4B-00C04F79EFBC}") = "ClassLibApp.BLL", "ClassLibApp.BLL\ClassLibApp.BLL.csproj", "{5D884A8F-C7CB-4FC6-8B92-0F27343C5C75}"
EndProject
Project("{FAE04EC0-301F-11D3-BF4B-00C04F79EFBC}") = "ClassLibApp.Repository", "ClassLibApp.Repository\ClassLibApp.Repository.csproj", "{AED848D4-9C5D-410A-BFF8-C4362CA1CA16}"
EndProject
Global
	GlobalSection(SolutionConfigurationPlatforms) = preSolution
		Debug|Any CPU = Debug|Any CPU
		Release|Any CPU = Release|Any CPU
	EndGlobalSection
	GlobalSection(ProjectConfigurationPlatforms) = postSolution
		{E7CBCB51-0AC0-4C94-BE52-10BD9635AD15}.Debug|Any CPU.ActiveCfg = Debug|Any CPU
		{E7CBCB51-0AC0-4C94-BE52-10BD9635AD15}.Debug|Any CPU.Build.0 = Debug|Any CPU
		{E7CBCB51-0AC0-4C94-BE52-10BD9635AD15}.Release|Any CPU.ActiveCfg = Release|Any CPU
		{E7CBCB51-0AC0-4C94-BE52-10BD9635AD15}.Release|Any CPU.Build.0 = Release|Any CPU
		{1EA65298-2F6D-4AF6-A817-66EE15CDCBFA}.Debug|Any CPU.ActiveCfg = Debug|Any CPU
		{1EA65298-2F6D-4AF6-A817-66EE15CDCBFA}.Debug|Any CPU.Build.0 = Debug|Any CPU
		{1EA65298-2F6D-4AF6-A817-66EE15CDCBFA}.Release|Any CPU.ActiveCfg = Release|Any CPU
		{1EA65298-2F6D-4AF6-A817-66EE15CDCBFA}.Release|Any CPU.Build.0 = Release|Any CPU
		{5D884A8F-C7CB-4FC6-8B92-0F27343C5C75}.Debug|Any CPU.ActiveCfg = Debug|Any CPU
		{5D884A8F-C7CB-4FC6-8B92-0F27343C5C75}.Debug|Any CPU.Build.0 = Debug|Any CPU
		{5D884A8F-C7CB-4FC6-8B92-0F27343C5C75}.Release|Any CPU.ActiveCfg = Release|Any CPU
		{5D884A8F-C7CB-4FC6-8B92-0F27343C5C75}.Release|Any CPU.Build.0 = Release|Any CPU
		{AED848D4-9C5D-410A-BFF8-C4362CA1CA16}.Debug|Any CPU.ActiveCfg = Debug|Any CPU
		{AED848D4-9C5D-410A-BFF8-C4362CA1CA16}.Debug|Any CPU.Build.0 = Debug|Any CPU
		{AED848D4-9C5D-410A-BFF8-C4362CA1CA16}.Release|Any CPU.ActiveCfg = Release|Any CPU
		{AED848D4-9C5D-410A-BFF8-C4362CA1CA16}.Release|Any CPU.Build.0 = Release|Any CPU
	EndGlobalSection
	GlobalSection(SolutionProperties) = preSolution
		HideSolutionNode = FALSE
	EndGlobalSection
	GlobalSection(ExtensibilityGlobals) = postSolution
		SolutionGuid = {394D991D-A95A-4F9F-AC57-CADB955CC53E}
	EndGlobalSection
EndGlobal
